PODS:
  - Flutter (1.0.0)
  - flutter_native_location (0.0.1):
    - Flutter

DEPENDENCIES:
  - Flutter (from `.symlinks/flutter/ios`)
  - flutter_native_location (from `.symlinks/plugins/flutter_native_location/ios`)

EXTERNAL SOURCES:
  Flutter:
    :path: ".symlinks/flutter/ios"
  flutter_native_location:
    :path: ".symlinks/plugins/flutter_native_location/ios"

SPEC CHECKSUMS:
  Flutter: 9d0fac939486c9aba2809b7982dfdbb47a7b0296
  flutter_native_location: a762797850d7f74de7bef7590142a936649c14f9

PODFILE CHECKSUM: 7765ea4305eaab0b3dfd384c7de11902aa3195fd

COCOAPODS: 1.5.3
